
Microsoft Visual Studio Solution File, Format Version 12.00
# Visual Studio 15
VisualStudioVersion = 15.0.26124.0
MinimumVisualStudioVersion = 15.0.26124.0
Project("{FAE04EC0-301F-11D3-BF4B-00C04F79EFBC}") = "TreepatHs", "TreepatHs\TreepatHs.csproj", "{FCD1B4ED-E8DA-4074-961F-FCAB7A87BDB9}"
EndProject
Project("{FAE04EC0-301F-11D3-BF4B-00C04F79EFBC}") = "TreepatHsTests", "TreepatHsTests\TreepatHsTests.csproj", "{FA674CC8-A753-4723-A20F-1DB929F3571D}"
EndProject
Global
	GlobalSection(SolutionConfigurationPlatforms) = preSolution
		Debug|Any CPU = Debug|Any CPU
		Debug|x64 = Debug|x64
		Debug|x86 = Debug|x86
		Release|Any CPU = Release|Any CPU
		Release|x64 = Release|x64
		Release|x86 = Release|x86
	EndGlobalSection
	GlobalSection(SolutionProperties) = preSolution
		HideSolutionNode = FALSE
	EndGlobalSection
	GlobalSection(ProjectConfigurationPlatforms) = postSolution
		{FCD1B4ED-E8DA-4074-961F-FCAB7A87BDB9}.Debug|Any CPU.ActiveCfg = Debug|Any CPU
		{FCD1B4ED-E8DA-4074-961F-FCAB7A87BDB9}.Debug|Any CPU.Build.0 = Debug|Any CPU
		{FCD1B4ED-E8DA-4074-961F-FCAB7A87BDB9}.Debug|x64.ActiveCfg = Debug|x64
		{FCD1B4ED-E8DA-4074-961F-FCAB7A87BDB9}.Debug|x64.Build.0 = Debug|x64
		{FCD1B4ED-E8DA-4074-961F-FCAB7A87BDB9}.Debug|x86.ActiveCfg = Debug|x86
		{FCD1B4ED-E8DA-4074-961F-FCAB7A87BDB9}.Debug|x86.Build.0 = Debug|x86
		{FCD1B4ED-E8DA-4074-961F-FCAB7A87BDB9}.Release|Any CPU.ActiveCfg = Release|Any CPU
		{FCD1B4ED-E8DA-4074-961F-FCAB7A87BDB9}.Release|Any CPU.Build.0 = Release|Any CPU
		{FCD1B4ED-E8DA-4074-961F-FCAB7A87BDB9}.Release|x64.ActiveCfg = Release|x64
		{FCD1B4ED-E8DA-4074-961F-FCAB7A87BDB9}.Release|x64.Build.0 = Release|x64
		{FCD1B4ED-E8DA-4074-961F-FCAB7A87BDB9}.Release|x86.ActiveCfg = Release|x86
		{FCD1B4ED-E8DA-4074-961F-FCAB7A87BDB9}.Release|x86.Build.0 = Release|x86
		{FA674CC8-A753-4723-A20F-1DB929F3571D}.Debug|Any CPU.ActiveCfg = Debug|Any CPU
		{FA674CC8-A753-4723-A20F-1DB929F3571D}.Debug|Any CPU.Build.0 = Debug|Any CPU
		{FA674CC8-A753-4723-A20F-1DB929F3571D}.Debug|x64.ActiveCfg = Debug|x64
		{FA674CC8-A753-4723-A20F-1DB929F3571D}.Debug|x64.Build.0 = Debug|x64
		{FA674CC8-A753-4723-A20F-1DB929F3571D}.Debug|x86.ActiveCfg = Debug|x86
		{FA674CC8-A753-4723-A20F-1DB929F3571D}.Debug|x86.Build.0 = Debug|x86
		{FA674CC8-A753-4723-A20F-1DB929F3571D}.Release|Any CPU.ActiveCfg = Release|Any CPU
		{FA674CC8-A753-4723-A20F-1DB929F3571D}.Release|Any CPU.Build.0 = Release|Any CPU
		{FA674CC8-A753-4723-A20F-1DB929F3571D}.Release|x64.ActiveCfg = Release|x64
		{FA674CC8-A753-4723-A20F-1DB929F3571D}.Release|x64.Build.0 = Release|x64
		{FA674CC8-A753-4723-A20F-1DB929F3571D}.Release|x86.ActiveCfg = Release|x86
		{FA674CC8-A753-4723-A20F-1DB929F3571D}.Release|x86.Build.0 = Release|x86
	EndGlobalSection
EndGlobal
